<?xml version="1.0" encoding="utf-8"?>
<Project ToolsVersion="4.0" xmlns="http://schemas.microsoft.com/developer/msbuild/2003">
  <ItemGroup>
    <ClCompile Include="WindowMain.cpp" />
    <ClCompile Include="GameController.cpp" />
    <ClCompile Include="Level1.cpp">
      <Filter>Game Levels</Filter>
    </ClCompile>
    <ClCompile Include="GameLevel.cpp">
      <Filter>Game Levels</Filter>
    </ClCompile>
    <ClCompile Include="Clock.cpp">
      <Filter>Timing</Filter>
    </ClCompile>
    <ClCompile Include="GameClock.cpp">
      <Filter>Timing</Filter>
    </ClCompile>
    <ClCompile Include="SpriteSheet.cpp">
      <Filter>Graphics</Filter>
    </ClCompile>
    <ClCompile Include="Entity.cpp">
      <Filter>Entities</Filter>
    </ClCompile>
    <ClCompile Include="Renderer.cpp">
      <Filter>Graphics</Filter>
    </ClCompile>
    <ClCompile Include="RendererComponent.cpp">
      <Filter>Entities\Components</Filter>
    </ClCompile>
    <ClCompile Include="Component.cpp">
      <Filter>Entities\Components</Filter>
    </ClCompile>
    <ClCompile Include="PhysicsComponent.cpp">
      <Filter>Entities\Components</Filter>
    </ClCompile>
    <ClCompile Include="AnimationComponent.cpp">
      <Filter>Entities\Components</Filter>
    </ClCompile>
    <ClCompile Include="LivingComponent.cpp">
      <Filter>Entities\Components</Filter>
    </ClCompile>
  </ItemGroup>
  <ItemGroup>
    <ClInclude Include="GameController.h" />
    <ClInclude Include="Level1.h">
      <Filter>Game Levels</Filter>
    </ClInclude>
    <ClInclude Include="GameLevel.h">
      <Filter>Game Levels</Filter>
    </ClInclude>
    <ClInclude Include="Clock.h">
      <Filter>Timing</Filter>
    </ClInclude>
    <ClInclude Include="GameClock.h">
      <Filter>Timing</Filter>
    </ClInclude>
    <ClInclude Include="SpriteSheet.h">
      <Filter>Graphics</Filter>
    </ClInclude>
    <ClInclude Include="Entity.h">
      <Filter>Entities</Filter>
    </ClInclude>
    <ClInclude Include="Component.h">
      <Filter>Entities\Components</Filter>
    </ClInclude>
    <ClInclude Include="RendererComponent.h">
      <Filter>Entities\Components</Filter>
    </ClInclude>
    <ClInclude Include="Renderer.h">
      <Filter>Graphics</Filter>
    </ClInclude>
    <ClInclude Include="Math.h">
      <Filter>Math</Filter>
    </ClInclude>
    <ClInclude Include="PhysicsComponent.h">
      <Filter>Entities\Components</Filter>
    </ClInclude>
    <ClInclude Include="AnimationComponent.h">
      <Filter>Entities\Components</Filter>
    </ClInclude>
    <ClInclude Include="LivingComponent.h">
      <Filter>Entities\Components</Filter>
    </ClInclude>
  </ItemGroup>
  <ItemGroup>
    <Filter Include="Timing">
      <UniqueIdentifier>{1224e1b6-059f-4702-b72b-8f3ba589a11b}</UniqueIdentifier>
    </Filter>
    <Filter Include="Graphics">
      <UniqueIdentifier>{ddbf00f7-fe40-4b95-aa15-a5461ffe0424}</UniqueIdentifier>
    </Filter>
    <Filter Include="Game Levels">
      <UniqueIdentifier>{35727f34-8425-404f-90cc-46b2060c6d8c}</UniqueIdentifier>
    </Filter>
    <Filter Include="Entities">
      <UniqueIdentifier>{cf3e2173-df51-4035-8dc8-52cce09a626b}</UniqueIdentifier>
    </Filter>
    <Filter Include="Entities\Components">
      <UniqueIdentifier>{d0450f63-6cd0-4118-a533-f652f6a3b86c}</UniqueIdentifier>
    </Filter>
    <Filter Include="Math">
      <UniqueIdentifier>{e308b18b-790e-4933-a405-f228e17a8f9b}</UniqueIdentifier>
    </Filter>
  </ItemGroup>
  <ItemGroup>
    <None Include="Math.inl">
      <Filter>Math</Filter>
    </None>
  </ItemGroup>
</Project>